
Microsoft Visual Studio Solution File, Format Version 12.00
# Visual Studio Version 17
VisualStudioVersion = 17.8.34309.116
MinimumVisualStudioVersion = 10.0.40219.1
Project("{FAE04EC0-301F-11D3-BF4B-00C04F79EFBC}") = "TangerineAuction", "TangerineAuction\TangerineAuction.csproj", "{8B9107F6-0857-4893-967B-8766CF72A8CD}"
EndProject
Project("{FAE04EC0-301F-11D3-BF4B-00C04F79EFBC}") = "TangerineAuctionHost", "TangerineAuctionHost\TangerineAuctionHost.csproj", "{EE253C73-D184-4EF8-908F-3B1AED1F2D79}"
EndProject
Global
	GlobalSection(SolutionConfigurationPlatforms) = preSolution
		Debug|Any CPU = Debug|Any CPU
		Release|Any CPU = Release|Any CPU
	EndGlobalSection
	GlobalSection(ProjectConfigurationPlatforms) = postSolution
		{8B9107F6-0857-4893-967B-8766CF72A8CD}.Debug|Any CPU.ActiveCfg = Debug|Any CPU
		{8B9107F6-0857-4893-967B-8766CF72A8CD}.Debug|Any CPU.Build.0 = Debug|Any CPU
		{8B9107F6-0857-4893-967B-8766CF72A8CD}.Release|Any CPU.ActiveCfg = Release|Any CPU
		{8B9107F6-0857-4893-967B-8766CF72A8CD}.Release|Any CPU.Build.0 = Release|Any CPU
		{EE253C73-D184-4EF8-908F-3B1AED1F2D79}.Debug|Any CPU.ActiveCfg = Debug|Any CPU
		{EE253C73-D184-4EF8-908F-3B1AED1F2D79}.Debug|Any CPU.Build.0 = Debug|Any CPU
		{EE253C73-D184-4EF8-908F-3B1AED1F2D79}.Release|Any CPU.ActiveCfg = Release|Any CPU
		{EE253C73-D184-4EF8-908F-3B1AED1F2D79}.Release|Any CPU.Build.0 = Release|Any CPU
	EndGlobalSection
	GlobalSection(SolutionProperties) = preSolution
		HideSolutionNode = FALSE
	EndGlobalSection
	GlobalSection(ExtensibilityGlobals) = postSolution
		SolutionGuid = {1C64C199-E998-4272-8074-EC1C65D15CB8}
	EndGlobalSection
EndGlobal
